
Microsoft Visual Studio Solution File, Format Version 12.00
# Visual Studio Version 17
VisualStudioVersion = 17.0.31903.59
MinimumVisualStudioVersion = 10.0.40219.1
Project("{FAE04EC0-301F-11D3-BF4B-00C04F79EFBC}") = "AdaTranslation.API", "AdaTranslation.API\AdaTranslation.API.csproj", "{3933387A-75FE-4C23-896F-60DE2BB74047}"
EndProject
Project("{FAE04EC0-301F-11D3-BF4B-00C04F79EFBC}") = "AdaTranslation.Domain", "AdaTranslation.Domain\AdaTranslation.Domain.csproj", "{6B3789A6-1561-4689-A898-84292194EBC0}"
EndProject
Project("{FAE04EC0-301F-11D3-BF4B-00C04F79EFBC}") = "AdaTranslation.Infrastructure", "AdaTranslation.Infrastructure\AdaTranslation.Infrastructure.csproj", "{BE16DD1D-F183-4CF8-9DE0-052F64EDEE5B}"
EndProject
Project("{FAE04EC0-301F-11D3-BF4B-00C04F79EFBC}") = "AdaTranslation.Application", "AdaTranslation.Application\AdaTranslation.Application.csproj", "{A33543ED-3056-4CA4-812D-B8659ADA2058}"
EndProject
Global
	GlobalSection(SolutionConfigurationPlatforms) = preSolution
		Debug|Any CPU = Debug|Any CPU
		Release|Any CPU = Release|Any CPU
	EndGlobalSection
	GlobalSection(ProjectConfigurationPlatforms) = postSolution
		{3933387A-75FE-4C23-896F-60DE2BB74047}.Debug|Any CPU.ActiveCfg = Debug|Any CPU
		{3933387A-75FE-4C23-896F-60DE2BB74047}.Debug|Any CPU.Build.0 = Debug|Any CPU
		{3933387A-75FE-4C23-896F-60DE2BB74047}.Release|Any CPU.ActiveCfg = Release|Any CPU
		{3933387A-75FE-4C23-896F-60DE2BB74047}.Release|Any CPU.Build.0 = Release|Any CPU
		{6B3789A6-1561-4689-A898-84292194EBC0}.Debug|Any CPU.ActiveCfg = Debug|Any CPU
		{6B3789A6-1561-4689-A898-84292194EBC0}.Debug|Any CPU.Build.0 = Debug|Any CPU
		{6B3789A6-1561-4689-A898-84292194EBC0}.Release|Any CPU.ActiveCfg = Release|Any CPU
		{6B3789A6-1561-4689-A898-84292194EBC0}.Release|Any CPU.Build.0 = Release|Any CPU
		{BE16DD1D-F183-4CF8-9DE0-052F64EDEE5B}.Debug|Any CPU.ActiveCfg = Debug|Any CPU
		{BE16DD1D-F183-4CF8-9DE0-052F64EDEE5B}.Debug|Any CPU.Build.0 = Debug|Any CPU
		{BE16DD1D-F183-4CF8-9DE0-052F64EDEE5B}.Release|Any CPU.ActiveCfg = Release|Any CPU
		{BE16DD1D-F183-4CF8-9DE0-052F64EDEE5B}.Release|Any CPU.Build.0 = Release|Any CPU
		{A33543ED-3056-4CA4-812D-B8659ADA2058}.Debug|Any CPU.ActiveCfg = Debug|Any CPU
		{A33543ED-3056-4CA4-812D-B8659ADA2058}.Debug|Any CPU.Build.0 = Debug|Any CPU
		{A33543ED-3056-4CA4-812D-B8659ADA2058}.Release|Any CPU.ActiveCfg = Release|Any CPU
		{A33543ED-3056-4CA4-812D-B8659ADA2058}.Release|Any CPU.Build.0 = Release|Any CPU
	EndGlobalSection
	GlobalSection(SolutionProperties) = preSolution
		HideSolutionNode = FALSE
	EndGlobalSection
	GlobalSection(ExtensibilityGlobals) = postSolution
		SolutionGuid = {E821679A-CEAD-4219-86EF-9E39155DFB19}
	EndGlobalSection
EndGlobal
